
Microsoft Visual Studio Solution File, Format Version 12.00
# Visual Studio 15
VisualStudioVersion = 15.0.28307.421
MinimumVisualStudioVersion = 10.0.40219.1
Project("{FAE04EC0-301F-11D3-BF4B-00C04F79EFBC}") = "WpfRPGGenerator", "WpfRPGGenerator\WpfRPGGenerator.csproj", "{1F2D2456-F49E-4D0B-886C-04465A84CC40}"
EndProject
Global
	GlobalSection(SolutionConfigurationPlatforms) = preSolution
		Debug|Any CPU = Debug|Any CPU
		Release|Any CPU = Release|Any CPU
	EndGlobalSection
	GlobalSection(ProjectConfigurationPlatforms) = postSolution
		{1F2D2456-F49E-4D0B-886C-04465A84CC40}.Debug|Any CPU.ActiveCfg = Debug|Any CPU
		{1F2D2456-F49E-4D0B-886C-04465A84CC40}.Debug|Any CPU.Build.0 = Debug|Any CPU
		{1F2D2456-F49E-4D0B-886C-04465A84CC40}.Release|Any CPU.ActiveCfg = Release|Any CPU
		{1F2D2456-F49E-4D0B-886C-04465A84CC40}.Release|Any CPU.Build.0 = Release|Any CPU
	EndGlobalSection
	GlobalSection(SolutionProperties) = preSolution
		HideSolutionNode = FALSE
	EndGlobalSection
	GlobalSection(ExtensibilityGlobals) = postSolution
		SolutionGuid = {51EF1830-56C2-498E-87FE-EC6BD8A5CCE1}
	EndGlobalSection
EndGlobal
